
Microsoft Visual Studio Solution File, Format Version 12.00
# Visual Studio Version 16
VisualStudioVersion = 16.0.31321.278
MinimumVisualStudioVersion = 10.0.40219.1
Project("{FAE04EC0-301F-11D3-BF4B-00C04F79EFBC}") = "MediaTek86", "MediaTek86.csproj", "{592478FD-C494-4E00-A562-6EA7DB9410A9}"
EndProject
Global
	GlobalSection(SolutionConfigurationPlatforms) = preSolution
		Debug|Any CPU = Debug|Any CPU
		Release|Any CPU = Release|Any CPU
	EndGlobalSection
	GlobalSection(ProjectConfigurationPlatforms) = postSolution
		{592478FD-C494-4E00-A562-6EA7DB9410A9}.Debug|Any CPU.ActiveCfg = Debug|Any CPU
		{592478FD-C494-4E00-A562-6EA7DB9410A9}.Debug|Any CPU.Build.0 = Debug|Any CPU
		{592478FD-C494-4E00-A562-6EA7DB9410A9}.Release|Any CPU.ActiveCfg = Release|Any CPU
		{592478FD-C494-4E00-A562-6EA7DB9410A9}.Release|Any CPU.Build.0 = Release|Any CPU
	EndGlobalSection
	GlobalSection(SolutionProperties) = preSolution
		HideSolutionNode = FALSE
	EndGlobalSection
	GlobalSection(ExtensibilityGlobals) = postSolution
		SolutionGuid = {B8A2759D-5697-4285-92A4-922D957EB013}
	EndGlobalSection
EndGlobal
